<Solution>
  <Folder Name="/src/">
    <Project Path="src/OracleOfBatman.Domain/OracleOfBatman.Domain.csproj"/>
    <Project Path="src/OracleOfBatman.Graph/OracleOfBatman.Graph.csproj"/>
    <Project Path="src/OracleOfBatman.Ingest/OracleOfBatman.Ingest.csproj"/>
    <Project Path="src/OracleOfBatman.Web/OracleOfBatman.Web.csproj"/>
  </Folder>
  <Folder Name="/tests/">
    <Project Path="tests/OracleOfBatman.Domain.Tests/OracleOfBatman.Domain.Tests.csproj"/>
    <Project Path="tests/OracleOfBatman.Graph.Tests/OracleOfBatman.Graph.Tests.csproj"/>
    <Project Path="tests/OracleOfBatman.Web.Tests/OracleOfBatman.Web.Tests.csproj"/>
  </Folder>
</Solution>
